// !$*UTF8*$!
{
	archiveVersion = 1;
	classes = {
	};
	objectVersion = 56;
	objects = {

/* Begin PBXBuildFile section */
		8630B2CA2CF1ED5F00AF84B5 /* Movies_combineApp.swift in Sources */ = {isa = PBXBuildFile; fileRef = 8630B2C92CF1ED5F00AF84B5 /* Movies_combineApp.swift */; };
		8630B2CC2CF1ED5F00AF84B5 /* MoviesView.swift in Sources */ = {isa = PBXBuildFile; fileRef = 8630B2CB2CF1ED5F00AF84B5 /* MoviesView.swift */; };
		8630B2CE2CF1ED6200AF84B5 /* Assets.xcassets in Resources */ = {isa = PBXBuildFile; fileRef = 8630B2CD2CF1ED6200AF84B5 /* Assets.xcassets */; };
		8630B2D12CF1ED6200AF84B5 /* Preview Assets.xcassets in Resources */ = {isa = PBXBuildFile; fileRef = 8630B2D02CF1ED6200AF84B5 /* Preview Assets.xcassets */; };
		8630B2D82CF1EE0A00AF84B5 /* Models.swift in Sources */ = {isa = PBXBuildFile; fileRef = 8630B2D72CF1EE0A00AF84B5 /* Models.swift */; };
		8630B2DA2CF1EE2100AF84B5 /* Network.swift in Sources */ = {isa = PBXBuildFile; fileRef = 8630B2D92CF1EE2100AF84B5 /* Network.swift */; };
		8630B2DE2CF1F85600AF84B5 /* MoviesViewModel.swift in Sources */ = {isa = PBXBuildFile; fileRef = 8630B2DD2CF1F85600AF84B5 /* MoviesViewModel.swift */; };
/* End PBXBuildFile section */

/* Begin PBXFileReference section */
		8630B2C62CF1ED5F00AF84B5 /* Movies-combine.app */ = {isa = PBXFileReference; explicitFileType = wrapper.application; includeInIndex = 0; path = "Movies-combine.app"; sourceTree = BUILT_PRODUCTS_DIR; };
		8630B2C92CF1ED5F00AF84B5 /* Movies_combineApp.swift */ = {isa = PBXFileReference; lastKnownFileType = sourcecode.swift; path = Movies_combineApp.swift; sourceTree = "<group>"; };
		8630B2CB2CF1ED5F00AF84B5 /* MoviesView.swift */ = {isa = PBXFileReference; lastKnownFileType = sourcecode.swift; path = MoviesView.swift; sourceTree = "<group>"; };
		8630B2CD2CF1ED6200AF84B5 /* Assets.xcassets */ = {isa = PBXFileReference; lastKnownFileType = folder.assetcatalog; path = Assets.xcassets; sourceTree = "<group>"; };
		8630B2D02CF1ED6200AF84B5 /* Preview Assets.xcassets */ = {isa = PBXFileReference; lastKnownFileType = folder.assetcatalog; path = "Preview Assets.xcassets"; sourceTree = "<group>"; };
		8630B2D72CF1EE0A00AF84B5 /* Models.swift */ = {isa = PBXFileReference; fileEncoding = 4; lastKnownFileType = sourcecode.swift; path = Models.swift; sourceTree = "<group>"; };
		8630B2D92CF1EE2100AF84B5 /* Network.swift */ = {isa = PBXFileReference; fileEncoding = 4; lastKnownFileType = sourcecode.swift; path = Network.swift; sourceTree = "<group>"; };
		8630B2DD2CF1F85600AF84B5 /* MoviesViewModel.swift */ = {isa = PBXFileReference; lastKnownFileType = sourcecode.swift; path = MoviesViewModel.swift; sourceTree = "<group>"; };
/* End PBXFileReference section */

/* Begin PBXFrameworksBuildPhase section */
		8630B2C32CF1ED5F00AF84B5 /* Frameworks */ = {
			isa = PBXFrameworksBuildPhase;
			buildActionMask = 2147483647;
			files = (
			);
			runOnlyForDeploymentPostprocessing = 0;
		};
/* End PBXFrameworksBuildPhase section */

/* Begin PBXGroup section */
		8630B2BD2CF1ED5F00AF84B5 = {
			isa = PBXGroup;
			children = (
				8630B2C82CF1ED5F00AF84B5 /* Movies-combine */,
				8630B2C72CF1ED5F00AF84B5 /* Products */,
			);
			sourceTree = "<group>";
		};
		8630B2C72CF1ED5F00AF84B5 /* Products */ = {
			isa = PBXGroup;
			children = (
				8630B2C62CF1ED5F00AF84B5 /* Movies-combine.app */,
			);
			name = Products;
			sourceTree = "<group>";
		};
		8630B2C82CF1ED5F00AF84B5 /* Movies-combine */ = {
			isa = PBXGroup;
			children = (
				8630B2C92CF1ED5F00AF84B5 /* Movies_combineApp.swift */,
				8630B2DD2CF1F85600AF84B5 /* MoviesViewModel.swift */,
				8630B2CB2CF1ED5F00AF84B5 /* MoviesView.swift */,
				8630B2D72CF1EE0A00AF84B5 /* Models.swift */,
				8630B2D92CF1EE2100AF84B5 /* Network.swift */,
				8630B2CD2CF1ED6200AF84B5 /* Assets.xcassets */,
				8630B2CF2CF1ED6200AF84B5 /* Preview Content */,
			);
			path = "Movies-combine";
			sourceTree = "<group>";
		};
		8630B2CF2CF1ED6200AF84B5 /* Preview Content */ = {
			isa = PBXGroup;
			children = (
				8630B2D02CF1ED6200AF84B5 /* Preview Assets.xcassets */,
			);
			path = "Preview Content";
			sourceTree = "<group>";
		};
/* End PBXGroup section */

/* Begin PBXNativeTarget section */
		8630B2C52CF1ED5F00AF84B5 /* Movies-combine */ = {
			isa = PBXNativeTarget;
			buildConfigurationList = 8630B2D42CF1ED6200AF84B5 /* Build configuration list for PBXNativeTarget "Movies-combine" */;
			buildPhases = (
				8630B2C22CF1ED5F00AF84B5 /* Sources */,
				8630B2C32CF1ED5F00AF84B5 /* Frameworks */,
				8630B2C42CF1ED5F00AF84B5 /* Resources */,
			);
			buildRules = (
			);
			dependencies = (
			);
			name = "Movies-combine";
			productName = "Movies-combine";
			productReference = 8630B2C62CF1ED5F00AF84B5 /* Movies-combine.app */;
			productType = "com.apple.product-type.application";
		};
/* End PBXNativeTarget section */

/* Begin PBXProject section */
		8630B2BE2CF1ED5F00AF84B5 /* Project object */ = {
			isa = PBXProject;
			attributes = {
				BuildIndependentTargetsInParallel = 1;
				LastSwiftUpdateCheck = 1520;
				LastUpgradeCheck = 1520;
				TargetAttributes = {
					8630B2C52CF1ED5F00AF84B5 = {
						CreatedOnToolsVersion = 15.2;
					};
				};
			};
			buildConfigurationList = 8630B2C12CF1ED5F00AF84B5 /* Build configuration list for PBXProject "Movies-combine" */;
			compatibilityVersion = "Xcode 14.0";
			developmentRegion = en;
			hasScannedForEncodings = 0;
			knownRegions = (
				en,
				Base,
			);
			mainGroup = 8630B2BD2CF1ED5F00AF84B5;
			productRefGroup = 8630B2C72CF1ED5F00AF84B5 /* Products */;
			projectDirPath = "";
			projectRoot = "";
			targets = (
				8630B2C52CF1ED5F00AF84B5 /* Movies-combine */,
			);
		};
/* End PBXProject section */

/* Begin PBXResourcesBuildPhase section */
		8630B2C42CF1ED5F00AF84B5 /* Resources */ = {
			isa = PBXResourcesBuildPhase;
			buildActionMask = 2147483647;
			files = (
				8630B2D12CF1ED6200AF84B5 /* Preview Assets.xcassets in Resources */,
				8630B2CE2CF1ED6200AF84B5 /* Assets.xcassets in Resources */,
			);
			runOnlyForDeploymentPostprocessing = 0;
		};
/* End PBXResourcesBuildPhase section */

/* Begin PBXSourcesBuildPhase section */
		8630B2C22CF1ED5F00AF84B5 /* Sources */ = {
			isa = PBXSourcesBuildPhase;
			buildActionMask = 2147483647;
			files = (
				8630B2D82CF1EE0A00AF84B5 /* Models.swift in Sources */,
				8630B2DE2CF1F85600AF84B5 /* MoviesViewModel.swift in Sources */,
				8630B2CC2CF1ED5F00AF84B5 /* MoviesView.swift in Sources */,
				8630B2DA2CF1EE2100AF84B5 /* Network.swift in Sources */,
				8630B2CA2CF1ED5F00AF84B5 /* Movies_combineApp.swift in Sources */,
			);
			runOnlyForDeploymentPostprocessing = 0;
		};
/* End PBXSourcesBuildPhase section */

/* Begin XCBuildConfiguration section */
		8630B2D22CF1ED6200AF84B5 /* Debug */ = {
			isa = XCBuildConfiguration;
			buildSettings = {
				ALWAYS_SEARCH_USER_PATHS = NO;
				ASSETCATALOG_COMPILER_GENERATE_SWIFT_ASSET_SYMBOL_EXTENSIONS = YES;
				CLANG_ANALYZER_NONNULL = YES;
				CLANG_ANALYZER_NUMBER_OBJECT_CONVERSION = YES_AGGRESSIVE;
				CLANG_CXX_LANGUAGE_STANDARD = "gnu++20";
				CLANG_ENABLE_MODULES = YES;
				CLANG_ENABLE_OBJC_ARC = YES;
				CLANG_ENABLE_OBJC_WEAK = YES;
				CLANG_WARN_BLOCK_CAPTURE_AUTORELEASING = YES;
				CLANG_WARN_BOOL_CONVERSION = YES;
				CLANG_WARN_COMMA = YES;
				CLANG_WARN_CONSTANT_CONVERSION = YES;
				CLANG_WARN_DEPRECATED_OBJC_IMPLEMENTATIONS = YES;
				CLANG_WARN_DIRECT_OBJC_ISA_USAGE = YES_ERROR;
				CLANG_WARN_DOCUMENTATION_COMMENTS = YES;
				CLANG_WARN_EMPTY_BODY = YES;
				CLANG_WARN_ENUM_CONVERSION = YES;
				CLANG_WARN_INFINITE_RECURSION = YES;
				CLANG_WARN_INT_CONVERSION = YES;
				CLANG_WARN_NON_LITERAL_NULL_CONVERSION = YES;
				CLANG_WARN_OBJC_IMPLICIT_RETAIN_SELF = YES;
				CLANG_WARN_OBJC_LITERAL_CONVERSION = YES;
				CLANG_WARN_OBJC_ROOT_CLASS = YES_ERROR;
				CLANG_WARN_QUOTED_INCLUDE_IN_FRAMEWORK_HEADER = YES;
				CLANG_WARN_RANGE_LOOP_ANALYSIS = YES;
				CLANG_WARN_STRICT_PROTOTYPES = YES;
				CLANG_WARN_SUSPICIOUS_MOVE = YES;
				CLANG_WARN_UNGUARDED_AVAILABILITY = YES_AGGRESSIVE;
				CLANG_WARN_UNREACHABLE_CODE = YES;
				CLANG_WARN__DUPLICATE_METHOD_MATCH = YES;
				COPY_PHASE_STRIP = NO;
				DEBUG_INFORMATION_FORMAT = dwarf;
				ENABLE_STRICT_OBJC_MSGSEND = YES;
				ENABLE_TESTABILITY = YES;
				ENABLE_USER_SCRIPT_SANDBOXING = YES;
				GCC_C_LANGUAGE_STANDARD = gnu17;
				GCC_DYNAMIC_NO_PIC = NO;
				GCC_NO_COMMON_BLOCKS = YES;
				GCC_OPTIMIZATION_LEVEL = 0;
				GCC_PREPROCESSOR_DEFINITIONS = (
					"DEBUG=1",
					"$(inherited)",
				);
				GCC_WARN_64_TO_32_BIT_CONVERSION = YES;
				GCC_WARN_ABOUT_RETURN_TYPE = YES_ERROR;
				GCC_WARN_UNDECLARED_SELECTOR = YES;
				GCC_WARN_UNINITIALIZED_AUTOS = YES_AGGRESSIVE;
				GCC_WARN_UNUSED_FUNCTION = YES;
				GCC_WARN_UNUSED_VARIABLE = YES;
				IPHONEOS_DEPLOYMENT_TARGET = 17.2;
				LOCALIZATION_PREFERS_STRING_CATALOGS = YES;
				MTL_ENABLE_DEBUG_INFO = INCLUDE_SOURCE;
				MTL_FAST_MATH = YES;
				ONLY_ACTIVE_ARCH = YES;
				SDKROOT = iphoneos;
				SWIFT_ACTIVE_COMPILATION_CONDITIONS = "DEBUG $(inherited)";
				SWIFT_OPTIMIZATION_LEVEL = "-Onone";
			};
			name = Debug;
		};
		8630B2D32CF1ED6200AF84B5 /* Release */ = {
			isa = XCBuildConfiguration;
			buildSettings = {
				ALWAYS_SEARCH_USER_PATHS = NO;
				ASSETCATALOG_COMPILER_GENERATE_SWIFT_ASSET_SYMBOL_EXTENSIONS = YES;
				CLANG_ANALYZER_NONNULL = YES;
				CLANG_ANALYZER_NUMBER_OBJECT_CONVERSION = YES_AGGRESSIVE;
				CLANG_CXX_LANGUAGE_STANDARD = "gnu++20";
				CLANG_ENABLE_MODULES = YES;
				CLANG_ENABLE_OBJC_ARC = YES;
				CLANG_ENABLE_OBJC_WEAK = YES;
				CLANG_WARN_BLOCK_CAPTURE_AUTORELEASING = YES;
				CLANG_WARN_BOOL_CONVERSION = YES;
				CLANG_WARN_COMMA = YES;
				CLANG_WARN_CONSTANT_CONVERSION = YES;
				CLANG_WARN_DEPRECATED_OBJC_IMPLEMENTATIONS = YES;
				CLANG_WARN_DIRECT_OBJC_ISA_USAGE = YES_ERROR;
				CLANG_WARN_DOCUMENTATION_COMMENTS = YES;
				CLANG_WARN_EMPTY_BODY = YES;
				CLANG_WARN_ENUM_CONVERSION = YES;
				CLANG_WARN_INFINITE_RECURSION = YES;
				CLANG_WARN_INT_CONVERSION = YES;
				CLANG_WARN_NON_LITERAL_NULL_CONVERSION = YES;
				CLANG_WARN_OBJC_IMPLICIT_RETAIN_SELF = YES;
				CLANG_WARN_OBJC_LITERAL_CONVERSION = YES;
				CLANG_WARN_OBJC_ROOT_CLASS = YES_ERROR;
				CLANG_WARN_QUOTED_INCLUDE_IN_FRAMEWORK_HEADER = YES;
				CLANG_WARN_RANGE_LOOP_ANALYSIS = YES;
				CLANG_WARN_STRICT_PROTOTYPES = YES;
				CLANG_WARN_SUSPICIOUS_MOVE = YES;
				CLANG_WARN_UNGUARDED_AVAILABILITY = YES_AGGRESSIVE;
				CLANG_WARN_UNREACHABLE_CODE = YES;
				CLANG_WARN__DUPLICATE_METHOD_MATCH = YES;
				COPY_PHASE_STRIP = NO;
				DEBUG_INFORMATION_FORMAT = "dwarf-with-dsym";
				ENABLE_NS_ASSERTIONS = NO;
				ENABLE_STRICT_OBJC_MSGSEND = YES;
				ENABLE_USER_SCRIPT_SANDBOXING = YES;
				GCC_C_LANGUAGE_STANDARD = gnu17;
				GCC_NO_COMMON_BLOCKS = YES;
				GCC_WARN_64_TO_32_BIT_CONVERSION = YES;
				GCC_WARN_ABOUT_RETURN_TYPE = YES_ERROR;
				GCC_WARN_UNDECLARED_SELECTOR = YES;
				GCC_WARN_UNINITIALIZED_AUTOS = YES_AGGRESSIVE;
				GCC_WARN_UNUSED_FUNCTION = YES;
				GCC_WARN_UNUSED_VARIABLE = YES;
				IPHONEOS_DEPLOYMENT_TARGET = 17.2;
				LOCALIZATION_PREFERS_STRING_CATALOGS = YES;
				MTL_ENABLE_DEBUG_INFO = NO;
				MTL_FAST_MATH = YES;
				SDKROOT = iphoneos;
				SWIFT_COMPILATION_MODE = wholemodule;
				VALIDATE_PRODUCT = YES;
			};
			name = Release;
		};
		8630B2D52CF1ED6200AF84B5 /* Debug */ = {
			isa = XCBuildConfiguration;
			buildSettings = {
				ASSETCATALOG_COMPILER_APPICON_NAME = AppIcon;
				ASSETCATALOG_COMPILER_GLOBAL_ACCENT_COLOR_NAME = AccentColor;
				CODE_SIGN_STYLE = Automatic;
				CURRENT_PROJECT_VERSION = 1;
				DEVELOPMENT_ASSET_PATHS = "\"Movies-combine/Preview Content\"";
				DEVELOPMENT_TEAM = 4XGXDHAUFG;
				ENABLE_PREVIEWS = YES;
				GENERATE_INFOPLIST_FILE = YES;
				INFOPLIST_KEY_UIApplicationSceneManifest_Generation = YES;
				INFOPLIST_KEY_UIApplicationSupportsIndirectInputEvents = YES;
				INFOPLIST_KEY_UILaunchScreen_Generation = YES;
				INFOPLIST_KEY_UISupportedInterfaceOrientations_iPad = "UIInterfaceOrientationPortrait UIInterfaceOrientationPortraitUpsideDown UIInterfaceOrientationLandscapeLeft UIInterfaceOrientationLandscapeRight";
				INFOPLIST_KEY_UISupportedInterfaceOrientations_iPhone = "UIInterfaceOrientationPortrait UIInterfaceOrientationLandscapeLeft UIInterfaceOrientationLandscapeRight";
				LD_RUNPATH_SEARCH_PATHS = (
					"$(inherited)",
					"@executable_path/Frameworks",
				);
				MARKETING_VERSION = 1.0;
				PRODUCT_BUNDLE_IDENTIFIER = "SalahElsayed.Movies-combine";
				PRODUCT_NAME = "$(TARGET_NAME)";
				SWIFT_EMIT_LOC_STRINGS = YES;
				SWIFT_VERSION = 5.0;
				TARGETED_DEVICE_FAMILY = "1,2";
			};
			name = Debug;
		};
		8630B2D62CF1ED6200AF84B5 /* Release */ = {
			isa = XCBuildConfiguration;
			buildSettings = {
				ASSETCATALOG_COMPILER_APPICON_NAME = AppIcon;
				ASSETCATALOG_COMPILER_GLOBAL_ACCENT_COLOR_NAME = AccentColor;
				CODE_SIGN_STYLE = Automatic;
				CURRENT_PROJECT_VERSION = 1;
				DEVELOPMENT_ASSET_PATHS = "\"Movies-combine/Preview Content\"";
				DEVELOPMENT_TEAM = 4XGXDHAUFG;
				ENABLE_PREVIEWS = YES;
				GENERATE_INFOPLIST_FILE = YES;
				INFOPLIST_KEY_UIApplicationSceneManifest_Generation = YES;
				INFOPLIST_KEY_UIApplicationSupportsIndirectInputEvents = YES;
				INFOPLIST_KEY_UILaunchScreen_Generation = YES;
				INFOPLIST_KEY_UISupportedInterfaceOrientations_iPad = "UIInterfaceOrientationPortrait UIInterfaceOrientationPortraitUpsideDown UIInterfaceOrientationLandscapeLeft UIInterfaceOrientationLandscapeRight";
				INFOPLIST_KEY_UISupportedInterfaceOrientations_iPhone = "UIInterfaceOrientationPortrait UIInterfaceOrientationLandscapeLeft UIInterfaceOrientationLandscapeRight";
				LD_RUNPATH_SEARCH_PATHS = (
					"$(inherited)",
					"@executable_path/Frameworks",
				);
				MARKETING_VERSION = 1.0;
				PRODUCT_BUNDLE_IDENTIFIER = "SalahElsayed.Movies-combine";
				PRODUCT_NAME = "$(TARGET_NAME)";
				SWIFT_EMIT_LOC_STRINGS = YES;
				SWIFT_VERSION = 5.0;
				TARGETED_DEVICE_FAMILY = "1,2";
			};
			name = Release;
		};
/* End XCBuildConfiguration section */

/* Begin XCConfigurationList section */
		8630B2C12CF1ED5F00AF84B5 /* Build configuration list for PBXProject "Movies-combine" */ = {
			isa = XCConfigurationList;
			buildConfigurations = (
				8630B2D22CF1ED6200AF84B5 /* Debug */,
				8630B2D32CF1ED6200AF84B5 /* Release */,
			);
			defaultConfigurationIsVisible = 0;
			defaultConfigurationName = Release;
		};
		8630B2D42CF1ED6200AF84B5 /* Build configuration list for PBXNativeTarget "Movies-combine" */ = {
			isa = XCConfigurationList;
			buildConfigurations = (
				8630B2D52CF1ED6200AF84B5 /* Debug */,
				8630B2D62CF1ED6200AF84B5 /* Release */,
			);
			defaultConfigurationIsVisible = 0;
			defaultConfigurationName = Release;
		};
/* End XCConfigurationList section */
	};
	rootObject = 8630B2BE2CF1ED5F00AF84B5 /* Project object */;
}
